
Microsoft Visual Studio Solution File, Format Version 11.00
# Visual Studio 2010
Project("{FAE04EC0-301F-11D3-BF4B-00C04F79EFBC}") = "Wox.Plugin.UrlEncode", "Wox.Plugin.UrlEncode.csproj", "{10E19DB3-7069-44A4-8152-834DD12CF96C}"
EndProject
Global
	GlobalSection(SolutionConfigurationPlatforms) = preSolution
		Debug|Any CPU = Debug|Any CPU
		Release|Any CPU = Release|Any CPU
	EndGlobalSection
	GlobalSection(ProjectConfigurationPlatforms) = postSolution
		{10E19DB3-7069-44A4-8152-834DD12CF96C}.Debug|Any CPU.ActiveCfg = Debug|Any CPU
		{10E19DB3-7069-44A4-8152-834DD12CF96C}.Debug|Any CPU.Build.0 = Debug|Any CPU
		{10E19DB3-7069-44A4-8152-834DD12CF96C}.Release|Any CPU.ActiveCfg = Release|Any CPU
		{10E19DB3-7069-44A4-8152-834DD12CF96C}.Release|Any CPU.Build.0 = Release|Any CPU
	EndGlobalSection
	GlobalSection(SolutionProperties) = preSolution
		HideSolutionNode = FALSE
	EndGlobalSection
EndGlobal
